
Microsoft Visual Studio Solution File, Format Version 12.00
# Visual Studio Version 16
VisualStudioVersion = 16.0.30907.101
MinimumVisualStudioVersion = 10.0.40219.1
Project("{F184B08F-C81C-45F6-A57F-5ABD9991F28F}") = "EmployeeDatabase", "EmployeeDatabase.vbproj", "{59712446-2D28-41DD-95AE-E2DDDFA3B524}"
EndProject
Project("{54435603-DBB4-11D2-8724-00A0C9A8B90C}") = "Setup", "..\Setup\Setup.vdproj", "{2687157E-8503-4D46-BC89-4B4DF417C91C}"
EndProject
Global
	GlobalSection(SolutionConfigurationPlatforms) = preSolution
		Debug|Any CPU = Debug|Any CPU
		Release|Any CPU = Release|Any CPU
	EndGlobalSection
	GlobalSection(ProjectConfigurationPlatforms) = postSolution
		{59712446-2D28-41DD-95AE-E2DDDFA3B524}.Debug|Any CPU.ActiveCfg = Debug|Any CPU
		{59712446-2D28-41DD-95AE-E2DDDFA3B524}.Debug|Any CPU.Build.0 = Debug|Any CPU
		{59712446-2D28-41DD-95AE-E2DDDFA3B524}.Release|Any CPU.ActiveCfg = Release|Any CPU
		{59712446-2D28-41DD-95AE-E2DDDFA3B524}.Release|Any CPU.Build.0 = Release|Any CPU
		{2687157E-8503-4D46-BC89-4B4DF417C91C}.Debug|Any CPU.ActiveCfg = Release
		{2687157E-8503-4D46-BC89-4B4DF417C91C}.Debug|Any CPU.Build.0 = Release
		{2687157E-8503-4D46-BC89-4B4DF417C91C}.Release|Any CPU.ActiveCfg = Release
	EndGlobalSection
	GlobalSection(SolutionProperties) = preSolution
		HideSolutionNode = FALSE
	EndGlobalSection
	GlobalSection(ExtensibilityGlobals) = postSolution
		SolutionGuid = {3F522F28-FA70-4078-9263-82C385DE3EF2}
	EndGlobalSection
EndGlobal
